{
  "originHash" : "5106e85274213e108b6dc1d7ad4a1891c2e867047f72347b45bda687b68bc002",
  "pins" : [
    {
      "identity" : "kingfisher",
      "kind" : "remoteSourceControl",
      "location" : "https://github.com/onevcat/Kingfisher",
      "state" : {
        "revision" : "e6749919f9761d573d37a7d7e78b1b854c191d7f",
        "version" : "8.1.3"
      }
    },
    {
      "identity" : "podcastindexkit",
      "kind" : "remoteSourceControl",
      "location" : "https://github.com/SparrowTek/PodcastIndexKit",
      "state" : {
        "revision" : "23c5d78db7911a993fc845c9feacc0d1cde6b05b",
        "version" : "0.4.1"
      }
    }
  ],
  "version" : 3
}
