{
  "originHash" : "64c63ef13ca4ecc1f76939d1e358ba92d1fdc4b78de205d241f66e1c9885f2b1",
  "pins" : [
    {
      "identity" : "podcastindexkit",
      "kind" : "remoteSourceControl",
      "location" : "https://github.com/SparrowTek/PodcastIndexKit",
      "state" : {
        "revision" : "23c5d78db7911a993fc845c9feacc0d1cde6b05b",
        "version" : "0.4.1"
      }
    }
  ],
  "version" : 3
}
